hash: e3052be3f005d89f7295e18d9497a9b7ae61d4eaa118e4d74dee27367f519f65
updated: 2017-01-03T19:40:06.747901871-02:00
imports:
- name: github.com/aalvesjr/salario
  version: 589059f894e1eb713bae04463fed6a0c84bfff8b
  version: bb2850a51b7c5a09309108a89833b4ffc3344beb
  subpackages:
  - impostos
testImports: []
